
Microsoft Visual Studio Solution File, Format Version 12.00
# Visual Studio Version 17
VisualStudioVersion = 17.9.34622.214
MinimumVisualStudioVersion = 10.0.40219.1
Project("{FAE04EC0-301F-11D3-BF4B-00C04F79EFBC}") = "MvcBlog", "MvcBlog\MvcBlog.csproj", "{ABECCCFE-CBC5-4779-A9C8-13C07C764EEC}"
EndProject
Global
	GlobalSection(SolutionConfigurationPlatforms) = preSolution
		Debug|Any CPU = Debug|Any CPU
		Release|Any CPU = Release|Any CPU
	EndGlobalSection
	GlobalSection(ProjectConfigurationPlatforms) = postSolution
		{ABECCCFE-CBC5-4779-A9C8-13C07C764EEC}.Debug|Any CPU.ActiveCfg = Debug|Any CPU
		{ABECCCFE-CBC5-4779-A9C8-13C07C764EEC}.Debug|Any CPU.Build.0 = Debug|Any CPU
		{ABECCCFE-CBC5-4779-A9C8-13C07C764EEC}.Release|Any CPU.ActiveCfg = Release|Any CPU
		{ABECCCFE-CBC5-4779-A9C8-13C07C764EEC}.Release|Any CPU.Build.0 = Release|Any CPU
	EndGlobalSection
	GlobalSection(SolutionProperties) = preSolution
		HideSolutionNode = FALSE
	EndGlobalSection
	GlobalSection(ExtensibilityGlobals) = postSolution
		SolutionGuid = {3D8F61AF-D644-4895-877A-7ABCA1A0D891}
	EndGlobalSection
EndGlobal
